
Microsoft Visual Studio Solution File, Format Version 12.00
# Visual Studio 15
VisualStudioVersion = 15.0.28307.271
MinimumVisualStudioVersion = 10.0.40219.1
Project("{9A19103F-16F7-4668-BE54-9A1E7A4F7556}") = "SalaryAssignment", "Salary\SalaryAssignment.csproj", "{EFB2E2E2-2391-4283-B5D8-1C1AB44DBAB3}"
EndProject
Project("{FAE04EC0-301F-11D3-BF4B-00C04F79EFBC}") = "SalaryTests", "SalaryTests\SalaryTests.csproj", "{F25851AE-A665-499C-9317-82694004C069}"
EndProject
Global
	GlobalSection(SolutionConfigurationPlatforms) = preSolution
		Debug|Any CPU = Debug|Any CPU
		Release|Any CPU = Release|Any CPU
	EndGlobalSection
	GlobalSection(ProjectConfigurationPlatforms) = postSolution
		{EFB2E2E2-2391-4283-B5D8-1C1AB44DBAB3}.Debug|Any CPU.ActiveCfg = Debug|Any CPU
		{EFB2E2E2-2391-4283-B5D8-1C1AB44DBAB3}.Debug|Any CPU.Build.0 = Debug|Any CPU
		{EFB2E2E2-2391-4283-B5D8-1C1AB44DBAB3}.Release|Any CPU.ActiveCfg = Release|Any CPU
		{EFB2E2E2-2391-4283-B5D8-1C1AB44DBAB3}.Release|Any CPU.Build.0 = Release|Any CPU
		{F25851AE-A665-499C-9317-82694004C069}.Debug|Any CPU.ActiveCfg = Debug|Any CPU
		{F25851AE-A665-499C-9317-82694004C069}.Debug|Any CPU.Build.0 = Debug|Any CPU
		{F25851AE-A665-499C-9317-82694004C069}.Release|Any CPU.ActiveCfg = Release|Any CPU
		{F25851AE-A665-499C-9317-82694004C069}.Release|Any CPU.Build.0 = Release|Any CPU
	EndGlobalSection
	GlobalSection(SolutionProperties) = preSolution
		HideSolutionNode = FALSE
	EndGlobalSection
	GlobalSection(ExtensibilityGlobals) = postSolution
		SolutionGuid = {EB859646-F62A-4708-AE8C-0BE70A3D884B}
	EndGlobalSection
EndGlobal
